// !$*UTF8*$!
{
	archiveVersion = 1;
	classes = {
	};
	objectVersion = 50;
	objects = {

/* Begin PBXBuildFile section */
		44B57E3F24979F2C00F91AAD /* AppDelegate.swift in Sources */ = {isa = PBXBuildFile; fileRef = 44B57E3E24979F2C00F91AAD /* AppDelegate.swift */; };
		44B57E4124979F2C00F91AAD /* SceneDelegate.swift in Sources */ = {isa = PBXBuildFile; fileRef = 44B57E4024979F2C00F91AAD /* SceneDelegate.swift */; };
		44B57E4324979F2C00F91AAD /* ViewController.swift in Sources */ = {isa = PBXBuildFile; fileRef = 44B57E4224979F2C00F91AAD /* ViewController.swift */; };
		44B57E4624979F2C00F91AAD /* Main.storyboard in Resources */ = {isa = PBXBuildFile; fileRef = 44B57E4424979F2C00F91AAD /* Main.storyboard */; };
		44B57E4824979F3300F91AAD /* Assets.xcassets in Resources */ = {isa = PBXBuildFile; fileRef = 44B57E4724979F3300F91AAD /* Assets.xcassets */; };
		44B57E4B24979F3300F91AAD /* LaunchScreen.storyboard in Resources */ = {isa = PBXBuildFile; fileRef = 44B57E4924979F3300F91AAD /* LaunchScreen.storyboard */; };
/* End PBXBuildFile section */

/* Begin PBXFileReference section */
		44B57E3B24979F2C00F91AAD /* imageLoaderAnimation.app */ = {isa = PBXFileReference; explicitFileType = wrapper.application; includeInIndex = 0; path = imageLoaderAnimation.app; sourceTree = BUILT_PRODUCTS_DIR; };
		44B57E3E24979F2C00F91AAD /* AppDelegate.swift */ = {isa = PBXFileReference; lastKnownFileType = sourcecode.swift; path = AppDelegate.swift; sourceTree = "<group>"; };
		44B57E4024979F2C00F91AAD /* SceneDelegate.swift */ = {isa = PBXFileReference; lastKnownFileType = sourcecode.swift; path = SceneDelegate.swift; sourceTree = "<group>"; };
		44B57E4224979F2C00F91AAD /* ViewController.swift */ = {isa = PBXFileReference; lastKnownFileType = sourcecode.swift; path = ViewController.swift; sourceTree = "<group>"; };
		44B57E4524979F2C00F91AAD /* Base */ = {isa = PBXFileReference; lastKnownFileType = file.storyboard; name = Base; path = Base.lproj/Main.storyboard; sourceTree = "<group>"; };
		44B57E4724979F3300F91AAD /* Assets.xcassets */ = {isa = PBXFileReference; lastKnownFileType = folder.assetcatalog; path = Assets.xcassets; sourceTree = "<group>"; };
		44B57E4A24979F3300F91AAD /* Base */ = {isa = PBXFileReference; lastKnownFileType = file.storyboard; name = Base; path = Base.lproj/LaunchScreen.storyboard; sourceTree = "<group>"; };
		44B57E4C24979F3300F91AAD /* Info.plist */ = {isa = PBXFileReference; lastKnownFileType = text.plist.xml; path = Info.plist; sourceTree = "<group>"; };
/* End PBXFileReference section */

/* Begin PBXFrameworksBuildPhase section */
		44B57E3824979F2C00F91AAD /* Frameworks */ = {
			isa = PBXFrameworksBuildPhase;
			buildActionMask = 2147483647;
			files = (
			);
			runOnlyForDeploymentPostprocessing = 0;
		};
/* End PBXFrameworksBuildPhase section */

/* Begin PBXGroup section */
		44B57E3224979F2C00F91AAD = {
			isa = PBXGroup;
			children = (
				44B57E3D24979F2C00F91AAD /* imageLoaderAnimation */,
				44B57E3C24979F2C00F91AAD /* Products */,
			);
			sourceTree = "<group>";
		};
		44B57E3C24979F2C00F91AAD /* Products */ = {
			isa = PBXGroup;
			children = (
				44B57E3B24979F2C00F91AAD /* imageLoaderAnimation.app */,
			);
			name = Products;
			sourceTree = "<group>";
		};
		44B57E3D24979F2C00F91AAD /* imageLoaderAnimation */ = {
			isa = PBXGroup;
			children = (
				44B57E3E24979F2C00F91AAD /* AppDelegate.swift */,
				44B57E4024979F2C00F91AAD /* SceneDelegate.swift */,
				44B57E4224979F2C00F91AAD /* ViewController.swift */,
				44B57E4424979F2C00F91AAD /* Main.storyboard */,
				44B57E4724979F3300F91AAD /* Assets.xcassets */,
				44B57E4924979F3300F91AAD /* LaunchScreen.storyboard */,
				44B57E4C24979F3300F91AAD /* Info.plist */,
			);
			path = imageLoaderAnimation;
			sourceTree = "<group>";
		};
/* End PBXGroup section */

/* Begin PBXNativeTarget section */
		44B57E3A24979F2C00F91AAD /* imageLoaderAnimation */ = {
			isa = PBXNativeTarget;
			buildConfigurationList = 44B57E4F24979F3300F91AAD /* Build configuration list for PBXNativeTarget "imageLoaderAnimation" */;
			buildPhases = (
				44B57E3724979F2C00F91AAD /* Sources */,
				44B57E3824979F2C00F91AAD /* Frameworks */,
				44B57E3924979F2C00F91AAD /* Resources */,
			);
			buildRules = (
			);
			dependencies = (
			);
			name = imageLoaderAnimation;
			productName = imageLoaderAnimation;
			productReference = 44B57E3B24979F2C00F91AAD /* imageLoaderAnimation.app */;
			productType = "com.apple.product-type.application";
		};
/* End PBXNativeTarget section */

/* Begin PBXProject section */
		44B57E3324979F2C00F91AAD /* Project object */ = {
			isa = PBXProject;
			attributes = {
				LastSwiftUpdateCheck = 1100;
				LastUpgradeCheck = 1100;
				ORGANIZATIONNAME = "Dheeraj Kumar Sharma";
				TargetAttributes = {
					44B57E3A24979F2C00F91AAD = {
						CreatedOnToolsVersion = 11.0;
					};
				};
			};
			buildConfigurationList = 44B57E3624979F2C00F91AAD /* Build configuration list for PBXProject "imageLoaderAnimation" */;
			compatibilityVersion = "Xcode 9.3";
			developmentRegion = en;
			hasScannedForEncodings = 0;
			knownRegions = (
				en,
				Base,
			);
			mainGroup = 44B57E3224979F2C00F91AAD;
			productRefGroup = 44B57E3C24979F2C00F91AAD /* Products */;
			projectDirPath = "";
			projectRoot = "";
			targets = (
				44B57E3A24979F2C00F91AAD /* imageLoaderAnimation */,
			);
		};
/* End PBXProject section */

/* Begin PBXResourcesBuildPhase section */
		44B57E3924979F2C00F91AAD /* Resources */ = {
			isa = PBXResourcesBuildPhase;
			buildActionMask = 2147483647;
			files = (
				44B57E4B24979F3300F91AAD /* LaunchScreen.storyboard in Resources */,
				44B57E4824979F3300F91AAD /* Assets.xcassets in Resources */,
				44B57E4624979F2C00F91AAD /* Main.storyboard in Resources */,
			);
			runOnlyForDeploymentPostprocessing = 0;
		};
/* End PBXResourcesBuildPhase section */

/* Begin PBXSourcesBuildPhase section */
		44B57E3724979F2C00F91AAD /* Sources */ = {
			isa = PBXSourcesBuildPhase;
			buildActionMask = 2147483647;
			files = (
				44B57E4324979F2C00F91AAD /* ViewController.swift in Sources */,
				44B57E3F24979F2C00F91AAD /* AppDelegate.swift in Sources */,
				44B57E4124979F2C00F91AAD /* SceneDelegate.swift in Sources */,
			);
			runOnlyForDeploymentPostprocessing = 0;
		};
/* End PBXSourcesBuildPhase section */

/* Begin PBXVariantGroup section */
		44B57E4424979F2C00F91AAD /* Main.storyboard */ = {
			isa = PBXVariantGroup;
			children = (
				44B57E4524979F2C00F91AAD /* Base */,
			);
			name = Main.storyboard;
			sourceTree = "<group>";
		};
		44B57E4924979F3300F91AAD /* LaunchScreen.storyboard */ = {
			isa = PBXVariantGroup;
			children = (
				44B57E4A24979F3300F91AAD /* Base */,
			);
			name = LaunchScreen.storyboard;
			sourceTree = "<group>";
		};
/* End PBXVariantGroup section */

/* Begin XCBuildConfiguration section */
		44B57E4D24979F3300F91AAD /* Debug */ = {
			isa = XCBuildConfiguration;
			buildSettings = {
				ALWAYS_SEARCH_USER_PATHS = NO;
				CLANG_ANALYZER_NONNULL = YES;
				CLANG_ANALYZER_NUMBER_OBJECT_CONVERSION = YES_AGGRESSIVE;
				CLANG_CXX_LANGUAGE_STANDARD = "gnu++14";
				CLANG_CXX_LIBRARY = "libc++";
				CLANG_ENABLE_MODULES = YES;
				CLANG_ENABLE_OBJC_ARC = YES;
				CLANG_ENABLE_OBJC_WEAK = YES;
				CLANG_WARN_BLOCK_CAPTURE_AUTORELEASING = YES;
				CLANG_WARN_BOOL_CONVERSION = YES;
				CLANG_WARN_COMMA = YES;
				CLANG_WARN_CONSTANT_CONVERSION = YES;
				CLANG_WARN_DEPRECATED_OBJC_IMPLEMENTATIONS = YES;
				CLANG_WARN_DIRECT_OBJC_ISA_USAGE = YES_ERROR;
				CLANG_WARN_DOCUMENTATION_COMMENTS = YES;
				CLANG_WARN_EMPTY_BODY = YES;
				CLANG_WARN_ENUM_CONVERSION = YES;
				CLANG_WARN_INFINITE_RECURSION = YES;
				CLANG_WARN_INT_CONVERSION = YES;
				CLANG_WARN_NON_LITERAL_NULL_CONVERSION = YES;
				CLANG_WARN_OBJC_IMPLICIT_RETAIN_SELF = YES;
				CLANG_WARN_OBJC_LITERAL_CONVERSION = YES;
				CLANG_WARN_OBJC_ROOT_CLASS = YES_ERROR;
				CLANG_WARN_RANGE_LOOP_ANALYSIS = YES;
				CLANG_WARN_STRICT_PROTOTYPES = YES;
				CLANG_WARN_SUSPICIOUS_MOVE = YES;
				CLANG_WARN_UNGUARDED_AVAILABILITY = YES_AGGRESSIVE;
				CLANG_WARN_UNREACHABLE_CODE = YES;
				CLANG_WARN__DUPLICATE_METHOD_MATCH = YES;
				COPY_PHASE_STRIP = NO;
				DEBUG_INFORMATION_FORMAT = dwarf;
				ENABLE_STRICT_OBJC_MSGSEND = YES;
				ENABLE_TESTABILITY = YES;
				GCC_C_LANGUAGE_STANDARD = gnu11;
				GCC_DYNAMIC_NO_PIC = NO;
				GCC_NO_COMMON_BLOCKS = YES;
				GCC_OPTIMIZATION_LEVEL = 0;
				GCC_PREPROCESSOR_DEFINITIONS = (
					"DEBUG=1",
					"$(inherited)",
				);
				GCC_WARN_64_TO_32_BIT_CONVERSION = YES;
				GCC_WARN_ABOUT_RETURN_TYPE = YES_ERROR;
				GCC_WARN_UNDECLARED_SELECTOR = YES;
				GCC_WARN_UNINITIALIZED_AUTOS = YES_AGGRESSIVE;
				GCC_WARN_UNUSED_FUNCTION = YES;
				GCC_WARN_UNUSED_VARIABLE = YES;
				IPHONEOS_DEPLOYMENT_TARGET = 13.0;
				MTL_ENABLE_DEBUG_INFO = INCLUDE_SOURCE;
				MTL_FAST_MATH = YES;
				ONLY_ACTIVE_ARCH = YES;
				SDKROOT = iphoneos;
				SWIFT_ACTIVE_COMPILATION_CONDITIONS = DEBUG;
				SWIFT_OPTIMIZATION_LEVEL = "-Onone";
			};
			name = Debug;
		};
		44B57E4E24979F3300F91AAD /* Release */ = {
			isa = XCBuildConfiguration;
			buildSettings = {
				ALWAYS_SEARCH_USER_PATHS = NO;
				CLANG_ANALYZER_NONNULL = YES;
				CLANG_ANALYZER_NUMBER_OBJECT_CONVERSION = YES_AGGRESSIVE;
				CLANG_CXX_LANGUAGE_STANDARD = "gnu++14";
				CLANG_CXX_LIBRARY = "libc++";
				CLANG_ENABLE_MODULES = YES;
				CLANG_ENABLE_OBJC_ARC = YES;
				CLANG_ENABLE_OBJC_WEAK = YES;
				CLANG_WARN_BLOCK_CAPTURE_AUTORELEASING = YES;
				CLANG_WARN_BOOL_CONVERSION = YES;
				CLANG_WARN_COMMA = YES;
				CLANG_WARN_CONSTANT_CONVERSION = YES;
				CLANG_WARN_DEPRECATED_OBJC_IMPLEMENTATIONS = YES;
				CLANG_WARN_DIRECT_OBJC_ISA_USAGE = YES_ERROR;
				CLANG_WARN_DOCUMENTATION_COMMENTS = YES;
				CLANG_WARN_EMPTY_BODY = YES;
				CLANG_WARN_ENUM_CONVERSION = YES;
				CLANG_WARN_INFINITE_RECURSION = YES;
				CLANG_WARN_INT_CONVERSION = YES;
				CLANG_WARN_NON_LITERAL_NULL_CONVERSION = YES;
				CLANG_WARN_OBJC_IMPLICIT_RETAIN_SELF = YES;
				CLANG_WARN_OBJC_LITERAL_CONVERSION = YES;
				CLANG_WARN_OBJC_ROOT_CLASS = YES_ERROR;
				CLANG_WARN_RANGE_LOOP_ANALYSIS = YES;
				CLANG_WARN_STRICT_PROTOTYPES = YES;
				CLANG_WARN_SUSPICIOUS_MOVE = YES;
				CLANG_WARN_UNGUARDED_AVAILABILITY = YES_AGGRESSIVE;
				CLANG_WARN_UNREACHABLE_CODE = YES;
				CLANG_WARN__DUPLICATE_METHOD_MATCH = YES;
				COPY_PHASE_STRIP = NO;
				DEBUG_INFORMATION_FORMAT = "dwarf-with-dsym";
				ENABLE_NS_ASSERTIONS = NO;
				ENABLE_STRICT_OBJC_MSGSEND = YES;
				GCC_C_LANGUAGE_STANDARD = gnu11;
				GCC_NO_COMMON_BLOCKS = YES;
				GCC_WARN_64_TO_32_BIT_CONVERSION = YES;
				GCC_WARN_ABOUT_RETURN_TYPE = YES_ERROR;
				GCC_WARN_UNDECLARED_SELECTOR = YES;
				GCC_WARN_UNINITIALIZED_AUTOS = YES_AGGRESSIVE;
				GCC_WARN_UNUSED_FUNCTION = YES;
				GCC_WARN_UNUSED_VARIABLE = YES;
				IPHONEOS_DEPLOYMENT_TARGET = 13.0;
				MTL_ENABLE_DEBUG_INFO = NO;
				MTL_FAST_MATH = YES;
				SDKROOT = iphoneos;
				SWIFT_COMPILATION_MODE = wholemodule;
				SWIFT_OPTIMIZATION_LEVEL = "-O";
				VALIDATE_PRODUCT = YES;
			};
			name = Release;
		};
		44B57E5024979F3300F91AAD /* Debug */ = {
			isa = XCBuildConfiguration;
			buildSettings = {
				ASSETCATALOG_COMPILER_APPICON_NAME = AppIcon;
				CODE_SIGN_STYLE = Automatic;
				DEVELOPMENT_TEAM = 9W5STY688V;
				INFOPLIST_FILE = imageLoaderAnimation/Info.plist;
				LD_RUNPATH_SEARCH_PATHS = (
					"$(inherited)",
					"@executable_path/Frameworks",
				);
				PRODUCT_BUNDLE_IDENTIFIER = dheerajdev.imageLoaderAnimation;
				PRODUCT_NAME = "$(TARGET_NAME)";
				SWIFT_VERSION = 5.0;
				TARGETED_DEVICE_FAMILY = "1,2";
			};
			name = Debug;
		};
		44B57E5124979F3300F91AAD /* Release */ = {
			isa = XCBuildConfiguration;
			buildSettings = {
				ASSETCATALOG_COMPILER_APPICON_NAME = AppIcon;
				CODE_SIGN_STYLE = Automatic;
				DEVELOPMENT_TEAM = 9W5STY688V;
				INFOPLIST_FILE = imageLoaderAnimation/Info.plist;
				LD_RUNPATH_SEARCH_PATHS = (
					"$(inherited)",
					"@executable_path/Frameworks",
				);
				PRODUCT_BUNDLE_IDENTIFIER = dheerajdev.imageLoaderAnimation;
				PRODUCT_NAME = "$(TARGET_NAME)";
				SWIFT_VERSION = 5.0;
				TARGETED_DEVICE_FAMILY = "1,2";
			};
			name = Release;
		};
/* End XCBuildConfiguration section */

/* Begin XCConfigurationList section */
		44B57E3624979F2C00F91AAD /* Build configuration list for PBXProject "imageLoaderAnimation" */ = {
			isa = XCConfigurationList;
			buildConfigurations = (
				44B57E4D24979F3300F91AAD /* Debug */,
				44B57E4E24979F3300F91AAD /* Release */,
			);
			defaultConfigurationIsVisible = 0;
			defaultConfigurationName = Release;
		};
		44B57E4F24979F3300F91AAD /* Build configuration list for PBXNativeTarget "imageLoaderAnimation" */ = {
			isa = XCConfigurationList;
			buildConfigurations = (
				44B57E5024979F3300F91AAD /* Debug */,
				44B57E5124979F3300F91AAD /* Release */,
			);
			defaultConfigurationIsVisible = 0;
			defaultConfigurationName = Release;
		};
/* End XCConfigurationList section */
	};
	rootObject = 44B57E3324979F2C00F91AAD /* Project object */;
}
